
Microsoft Visual Studio Solution File, Format Version 12.00
# Visual Studio Version 16
VisualStudioVersion = 16.0.31624.102
MinimumVisualStudioVersion = 10.0.40219.1
Project("{FAE04EC0-301F-11D3-BF4B-00C04F79EFBC}") = "ConsoleApp1", "ConsoleApp1\ConsoleApp1.csproj", "{D5BAD3EC-0A64-4511-9203-9EAA512E195E}"
EndProject
Global
	GlobalSection(SolutionConfigurationPlatforms) = preSolution
		Debug|Any CPU = Debug|Any CPU
		Release|Any CPU = Release|Any CPU
	EndGlobalSection
	GlobalSection(ProjectConfigurationPlatforms) = postSolution
		{D5BAD3EC-0A64-4511-9203-9EAA512E195E}.Debug|Any CPU.ActiveCfg = Debug|Any CPU
		{D5BAD3EC-0A64-4511-9203-9EAA512E195E}.Debug|Any CPU.Build.0 = Debug|Any CPU
		{D5BAD3EC-0A64-4511-9203-9EAA512E195E}.Release|Any CPU.ActiveCfg = Release|Any CPU
		{D5BAD3EC-0A64-4511-9203-9EAA512E195E}.Release|Any CPU.Build.0 = Release|Any CPU
	EndGlobalSection
	GlobalSection(SolutionProperties) = preSolution
		HideSolutionNode = FALSE
	EndGlobalSection
	GlobalSection(ExtensibilityGlobals) = postSolution
		SolutionGuid = {A524E7BC-C1F0-4E6C-8039-CBB64A7341BF}
	EndGlobalSection
EndGlobal
